
Microsoft Visual Studio Solution File, Format Version 12.00
# Visual Studio Version 17
VisualStudioVersion = 17.5.33424.131
MinimumVisualStudioVersion = 10.0.40219.1
Project("{FAE04EC0-301F-11D3-BF4B-00C04F79EFBC}") = "CodeFirstHomework1", "CodeFirstHomework1\CodeFirstHomework1.csproj", "{85301008-FE72-45CF-86B2-188D1500043E}"
EndProject
Global
	GlobalSection(SolutionConfigurationPlatforms) = preSolution
		Debug|Any CPU = Debug|Any CPU
		Release|Any CPU = Release|Any CPU
	EndGlobalSection
	GlobalSection(ProjectConfigurationPlatforms) = postSolution
		{85301008-FE72-45CF-86B2-188D1500043E}.Debug|Any CPU.ActiveCfg = Debug|Any CPU
		{85301008-FE72-45CF-86B2-188D1500043E}.Debug|Any CPU.Build.0 = Debug|Any CPU
		{85301008-FE72-45CF-86B2-188D1500043E}.Release|Any CPU.ActiveCfg = Release|Any CPU
		{85301008-FE72-45CF-86B2-188D1500043E}.Release|Any CPU.Build.0 = Release|Any CPU
	EndGlobalSection
	GlobalSection(SolutionProperties) = preSolution
		HideSolutionNode = FALSE
	EndGlobalSection
	GlobalSection(ExtensibilityGlobals) = postSolution
		SolutionGuid = {72BF0B30-2D33-4327-8F1A-2A32E08D5D75}
	EndGlobalSection
EndGlobal
